
Microsoft Visual Studio Solution File, Format Version 12.00
# Visual Studio Version 17
VisualStudioVersion = 17.4.33213.308
MinimumVisualStudioVersion = 10.0.40219.1
Project("{FAE04EC0-301F-11D3-BF4B-00C04F79EFBC}") = "Project_G1_SU23", "Project_G1_SU23\Project_G1_SU23.csproj", "{A8FDE433-25C3-4627-8EC0-8EF326186616}"
EndProject
Global
	GlobalSection(SolutionConfigurationPlatforms) = preSolution
		Debug|Any CPU = Debug|Any CPU
		Release|Any CPU = Release|Any CPU
	EndGlobalSection
	GlobalSection(ProjectConfigurationPlatforms) = postSolution
		{A8FDE433-25C3-4627-8EC0-8EF326186616}.Debug|Any CPU.ActiveCfg = Debug|Any CPU
		{A8FDE433-25C3-4627-8EC0-8EF326186616}.Debug|Any CPU.Build.0 = Debug|Any CPU
		{A8FDE433-25C3-4627-8EC0-8EF326186616}.Release|Any CPU.ActiveCfg = Release|Any CPU
		{A8FDE433-25C3-4627-8EC0-8EF326186616}.Release|Any CPU.Build.0 = Release|Any CPU
	EndGlobalSection
	GlobalSection(SolutionProperties) = preSolution
		HideSolutionNode = FALSE
	EndGlobalSection
	GlobalSection(ExtensibilityGlobals) = postSolution
		SolutionGuid = {EE5E8DE8-913D-4145-82B2-08C22EB0B2C6}
	EndGlobalSection
EndGlobal
